{
  "lockfileVersion": 2,
  "configVersion": 1,
  "workspaces": {
    "": {
      "name": "en16931",
      "dependencies": {
        "fontoxpath": "npm:fontoxpath-exact-decimal@3.34.0-exact.2",
        "slimdom": "^4.3.5",
        "slimdom-sax-parser": "^1.5.3",
      },
      "devDependencies": {
        "@types/bun": "latest",
        "typescript": "^5",
      },
    },
  },
  "packages": {
    "@types/bun": ["@types/bun@1.3.14", "", { "dependencies": { "bun-types": "1.3.14" } }, "sha512-h1hFqFVcvAvD9j9K7ZW7vd82aSA+rTdznZa+5bwvCwqSB1jmmfLcbIWhOLx1/+boy/xmjgCs/OMUL8hRJSmnPw=="],

    "@types/node": ["@types/node@26.1.2", "", { "dependencies": { "undici-types": "~8.3.0" } }, "sha512-Vu4a5UFA9rIIFJ7rB/Vaafh9lrCQszopTCx6KjFboXTGQbPNasehVR5TEiithSDGyd1DEiUByggTZsg8jukeIg=="],

    "bun-types": ["bun-types@1.3.14", "", { "dependencies": { "@types/node": "*" } }, "sha512-4N0ig0fEomHt5R0KCFWjovxow98rIoRwKolrYdCcknNwMekCXRnWEUvgu5soYV8QXtVsrUD8B95MBOZGPvr6KQ=="],

    "fontoxpath": ["fontoxpath-exact-decimal@3.34.0-exact.2", "", { "dependencies": { "prsc": "4.0.0", "xspattern": "^3.1.0" } }, "sha512-RiZg58sF2xvIhsjfWON7jaJCK6PFgSpxeUK1UGFn8yE3jVMKAPFnFsqiWFRkhnMte1Nycj8HSiOGqT154Akw6g=="],

    "prsc": ["prsc@4.0.0", "", {}, "sha512-OmXQ2v76RlXNx/gqv7+oB6jyKnudJ/rsMfAIVexhbDFxXAJPoWKMxJkZU2ohlu4miCiSQCG+horf2DV4/kNc1Q=="],

    "saxes": ["saxes@6.0.0", "", { "dependencies": { "xmlchars": "^2.2.0" } }, "sha512-xAg7SOnEhrm5zI3puOOKyy1OMcMlIJZYNJY7xLBwSze0UjhPLnWfj2GF2EpT0jmzaJKIWKHLsaSSajf35bcYnA=="],

    "slimdom": ["slimdom@4.3.5", "", {}, "sha512-MoxdfngDk7nf8Vun0xB2AYBiHv3Qlua3Frf12n8ZLmXtfZoapfAQOKLSMCsemSyEU1UIyd503LJfYKJE+dxDTg=="],

    "slimdom-sax-parser": ["slimdom-sax-parser@1.5.3", "", { "dependencies": { "saxes": "6.0.0", "slimdom": "3.0.1" } }, "sha512-h47aSAas1l8tFew1bY/Af/IVyOy4jcHzj+MoJU/cf+/ZSqKrAe8TspMlbBVaKc6FsSffJqhSJRmvyeOketI4Tg=="],

    "typescript": ["typescript@5.9.3", "", { "bin": { "tsc": "bin/tsc", "tsserver": "bin/tsserver" } }, "sha512-jl1vZzPDinLr9eUt3J/t7V6FgNEw9QjvBPdysz9KfQDD41fQrC2Y4vKQdiaUpFT4bXlb1RHhLpp8wtm6M5TgSw=="],

    "undici-types": ["undici-types@8.3.0", "", {}, "sha512-j375ScV60dom+YkPFIfTLcOiPxkN/buHz5GobjLhixFuANaNs3C9l4GmrWqejgXWJ7BbJcFYpTEUkS1Ge8bpZQ=="],

    "whynot": ["whynot@5.0.0", "", {}, "sha512-cGGfDPYYqoHoMWqXVc3G+N74u1FhFhrBa+pOO906b9ktRc/JFUdwroTkfPqjKzyoCLVcKr6yy6bYIcWT7jTg2A=="],

    "xmlchars": ["xmlchars@2.2.0", "", {}, "sha512-JZnDKK8B0RCDw84FNdDAIpZK+JuJw+s7Lz8nksI7SIuU3UXJJslUthsi+uWBUYOwPFwW7W7PRLRfUKpxjtjFCw=="],

    "xspattern": ["xspattern@3.1.0", "", { "dependencies": { "whynot": "^5.0.0" } }, "sha512-rxtOX8ORJizRqswIdZ72G3thKrHd0Q+TvyUCMByc5VdjDz1nkuZKfPXM3xGdrGi0fwEy+DDJN7DqtAZ06Re4bA=="],

    "slimdom-sax-parser/slimdom": ["slimdom@3.0.1", "", {}, "sha512-20Ql+QmLrZOonYMLSsSJz20RwipzqAJ64DkN7UiV0QP/enyyV+MpQJU7Ucb3N9F4dKDO26FsTsP5QWK4Mbqn1A=="],
  }
}
